
Microsoft Visual Studio Solution File, Format Version 12.00
# Visual Studio Version 17
VisualStudioVersion = 17.0.32126.317
MinimumVisualStudioVersion = 10.0.40219.1
Project("{2150E333-8FDC-42A3-9474-1A3956D46DE8}") = "Solution Items", "Solution Items", "{C2CEC737-240C-4FE7-9BD4-B7548E8F5829}"
	ProjectSection(SolutionItems) = preProject
		.csharpierrc.yaml = .csharpierrc.yaml
		.editorconfig = .editorconfig
		.gitattributes = .gitattributes
		.gitignore = .gitignore
		src\AssemblyInfo.props = src\AssemblyInfo.props
		README.md = README.md
	EndProjectSection
EndProject
Project("{9A19103F-16F7-4668-BE54-9A1E7A4F7556}") = "Serval.Grpc", "src\Serval\src\Serval.Grpc\Serval.Grpc.csproj", "{443D8A33-62F5-4FE0-A972-E32E280E15C8}"
EndProject
Project("{9A19103F-16F7-4668-BE54-9A1E7A4F7556}") = "Serval.ApiServer", "src\Serval\src\Serval.ApiServer\Serval.ApiServer.csproj", "{7FAE5F93-C1BA-4280-8086-7E6207FE335E}"
EndProject
Project("{9A19103F-16F7-4668-BE54-9A1E7A4F7556}") = "Serval.Client", "src\Serval\src\Serval.Client\Serval.Client.csproj", "{EF43AA91-4FA2-4F96-8EEB-C1D03943FD2B}"
	ProjectSection(ProjectDependencies) = postProject
		{7FAE5F93-C1BA-4280-8086-7E6207FE335E} = {7FAE5F93-C1BA-4280-8086-7E6207FE335E}
	EndProjectSection
EndProject
Project("{9A19103F-16F7-4668-BE54-9A1E7A4F7556}") = "SIL.DataAccess", "src\DataAccess\src\SIL.DataAccess\SIL.DataAccess.csproj", "{C5F942A3-8534-43FD-A75C-0160624FD456}"
EndProject
Project("{9A19103F-16F7-4668-BE54-9A1E7A4F7556}") = "Serval.Shared", "src\Serval\src\Serval.Shared\Serval.Shared.csproj", "{31106018-56D7-4E52-A438-8FD2E12D2D47}"
EndProject
Project("{9A19103F-16F7-4668-BE54-9A1E7A4F7556}") = "Serval.Translation", "src\Serval\src\Serval.Translation\Serval.Translation.csproj", "{9ADE4727-79F3-4A7E-912A-5DBA7219DC4E}"
EndProject
Project("{9A19103F-16F7-4668-BE54-9A1E7A4F7556}") = "Serval.Webhooks", "src\Serval\src\Serval.Webhooks\Serval.Webhooks.csproj", "{B3BAEC3C-0E95-422A-A8CF-D91F9874985F}"
EndProject
Project("{9A19103F-16F7-4668-BE54-9A1E7A4F7556}") = "Serval.Webhooks.Tests", "src\Serval\test\Serval.Webhooks.Tests\Serval.Webhooks.Tests.csproj", "{8FC30758-37FC-4819-805D-8EFF3DEDF05F}"
EndProject
Project("{9A19103F-16F7-4668-BE54-9A1E7A4F7556}") = "Serval.Translation.Tests", "src\Serval\test\Serval.Translation.Tests\Serval.Translation.Tests.csproj", "{539598C5-8634-4273-8714-A684622DDCFC}"
EndProject
Project("{9A19103F-16F7-4668-BE54-9A1E7A4F7556}") = "Serval.DataFiles", "src\Serval\src\Serval.DataFiles\Serval.DataFiles.csproj", "{4375A7BF-E3CE-4785-91E3-2ED6FCEB074F}"
EndProject
Project("{9A19103F-16F7-4668-BE54-9A1E7A4F7556}") = "EchoTranslationEngine", "src\Echo\src\EchoTranslationEngine\EchoTranslationEngine.csproj", "{A9D08CA2-3CF7-4BB7-A47F-5A567FFDB2CC}"
EndProject
Project("{9A19103F-16F7-4668-BE54-9A1E7A4F7556}") = "Serval.ApiServer.IntegrationTests", "src\Serval\test\Serval.ApiServer.IntegrationTests\Serval.ApiServer.IntegrationTests.csproj", "{0C3DF75B-B022-4EFC-882C-F276F1EC8435}"
EndProject
Project("{9A19103F-16F7-4668-BE54-9A1E7A4F7556}") = "Serval.E2ETests", "src\Serval\test\Serval.E2ETests\Serval.E2ETests.csproj", "{1F020042-D7B8-4541-9691-26ECFD1FFC73}"
EndProject
Project("{9A19103F-16F7-4668-BE54-9A1E7A4F7556}") = "Serval.DataFiles.Tests", "src\Serval\test\Serval.DataFiles.Tests\Serval.DataFiles.Tests.csproj", "{63E4D71B-11BE-4D68-A876-5B1B5F0A4C88}"
EndProject
Project("{9A19103F-16F7-4668-BE54-9A1E7A4F7556}") = "SIL.DataAccess.Tests", "src\DataAccess\test\SIL.DataAccess.Tests\SIL.DataAccess.Tests.csproj", "{71151518-8774-44D0-8E69-D77FA447BEFA}"
EndProject
Project("{9A19103F-16F7-4668-BE54-9A1E7A4F7556}") = "Serval.Shared.Tests", "src\Serval\test\Serval.Shared.Tests\Serval.Shared.Tests.csproj", "{0E220C65-AA88-450E-AFB2-844E49060B3F}"
EndProject
Project("{2150E333-8FDC-42A3-9474-1A3956D46DE8}") = "Echo", "Echo", "{53B18D34-B7C7-4B91-BCB0-1021170DFC65}"
EndProject
Project("{2150E333-8FDC-42A3-9474-1A3956D46DE8}") = "src", "src", "{BE90915F-E16D-479C-9568-22A08F0FD8F9}"
EndProject
Project("{2150E333-8FDC-42A3-9474-1A3956D46DE8}") = "Serval", "Serval", "{6D20F76D-9A0E-44AC-8754-B4291C75D25B}"
EndProject
Project("{2150E333-8FDC-42A3-9474-1A3956D46DE8}") = "src", "src", "{25CDB05B-4E24-4A6E-933E-1E0BEC97D74D}"
EndProject
Project("{2150E333-8FDC-42A3-9474-1A3956D46DE8}") = "test", "test", "{3E753B99-7C31-42AC-B02E-012B802F58DB}"
EndProject
Project("{2150E333-8FDC-42A3-9474-1A3956D46DE8}") = "DataAccess", "DataAccess", "{33E6965E-5A58-4C6F-882E-F17C8E88A3FF}"
EndProject
Project("{2150E333-8FDC-42A3-9474-1A3956D46DE8}") = "src", "src", "{92805246-5285-4F0A-9BF8-6EE4A027A41B}"
EndProject
Project("{2150E333-8FDC-42A3-9474-1A3956D46DE8}") = "test", "test", "{BA044B98-3136-4FDE-B90F-B0975758C07F}"
EndProject
Project("{2150E333-8FDC-42A3-9474-1A3956D46DE8}") = "Machine", "Machine", "{F6142E52-4B58-4D12-980F-B07D8AA932C2}"
EndProject
Project("{2150E333-8FDC-42A3-9474-1A3956D46DE8}") = "src", "src", "{D808D2BE-ED26-4E60-A409-AE58F7C1CB8F}"
EndProject
Project("{2150E333-8FDC-42A3-9474-1A3956D46DE8}") = "test", "test", "{40C225C2-1EEF-4D1D-9D14-1CBB86C8A1CB}"
EndProject
Project("{9A19103F-16F7-4668-BE54-9A1E7A4F7556}") = "Serval.Machine.Shared", "src\Machine\src\Serval.Machine.Shared\Serval.Machine.Shared.csproj", "{090ECB69-464F-42C8-B92C-0808BE2802FA}"
EndProject
Project("{9A19103F-16F7-4668-BE54-9A1E7A4F7556}") = "Serval.Machine.EngineServer", "src\Machine\src\Serval.Machine.EngineServer\Serval.Machine.EngineServer.csproj", "{C02494FB-663E-4430-9F2D-41F1A740B271}"
EndProject
Project("{9A19103F-16F7-4668-BE54-9A1E7A4F7556}") = "Serval.Machine.JobServer", "src\Machine\src\Serval.Machine.JobServer\Serval.Machine.JobServer.csproj", "{BC766753-E560-4ADF-9923-C7A96076EA47}"
EndProject
Project("{9A19103F-16F7-4668-BE54-9A1E7A4F7556}") = "Serval.Machine.Shared.Tests", "src\Machine\test\Serval.Machine.Shared.Tests\Serval.Machine.Shared.Tests.csproj", "{B0D23A55-AB09-4C2C-B309-F4BEB3BC968D}"
EndProject
Project("{9A19103F-16F7-4668-BE54-9A1E7A4F7556}") = "Serval.Assessment", "src\Serval\src\Serval.Assessment\Serval.Assessment.csproj", "{10657805-48F1-4205-B8F5-79447F6EF620}"
EndProject
Project("{2150E333-8FDC-42A3-9474-1A3956D46DE8}") = "ServiceToolkit", "ServiceToolkit", "{EA69B41C-49EF-4017-A687-44B9DF37FF98}"
EndProject
Project("{2150E333-8FDC-42A3-9474-1A3956D46DE8}") = "src", "src", "{C3A14577-A654-4604-818C-4E683DD45A51}"
EndProject
Project("{9A19103F-16F7-4668-BE54-9A1E7A4F7556}") = "SIL.ServiceToolkit", "src\ServiceToolkit\src\SIL.ServiceToolkit\SIL.ServiceToolkit.csproj", "{0E40F959-C641-40A2-9750-B17A4F9F9E55}"
EndProject
Project("{2150E333-8FDC-42A3-9474-1A3956D46DE8}") = "src", "src", "{BB78597D-AC3F-427F-BC5D-41C11E09151D}"
EndProject
Project("{2150E333-8FDC-42A3-9474-1A3956D46DE8}") = "Serval", "Serval", "{A411A11C-D51C-496E-A049-F121172FCFE7}"
EndProject
Project("{2150E333-8FDC-42A3-9474-1A3956D46DE8}") = "src", "src", "{A5B23A41-D2E0-4B74-860A-8F1EAD0490D1}"
EndProject
Project("{FAE04EC0-301F-11D3-BF4B-00C04F79EFBC}") = "Serval.WordAlignment", "src\Serval\src\Serval.WordAlignment\Serval.WordAlignment.csproj", "{D81B4C58-4018-42BF-932D-9538B8AAFF89}"
EndProject
Global
	GlobalSection(SolutionConfigurationPlatforms) = preSolution
		Debug|Any CPU = Debug|Any CPU
		Release|Any CPU = Release|Any CPU
	EndGlobalSection
	GlobalSection(ProjectConfigurationPlatforms) = postSolution
		{443D8A33-62F5-4FE0-A972-E32E280E15C8}.Debug|Any CPU.ActiveCfg = Debug|Any CPU
		{443D8A33-62F5-4FE0-A972-E32E280E15C8}.Debug|Any CPU.Build.0 = Debug|Any CPU
		{443D8A33-62F5-4FE0-A972-E32E280E15C8}.Release|Any CPU.ActiveCfg = Release|Any CPU
		{443D8A33-62F5-4FE0-A972-E32E280E15C8}.Release|Any CPU.Build.0 = Release|Any CPU
		{7FAE5F93-C1BA-4280-8086-7E6207FE335E}.Debug|Any CPU.ActiveCfg = Debug|Any CPU
		{7FAE5F93-C1BA-4280-8086-7E6207FE335E}.Debug|Any CPU.Build.0 = Debug|Any CPU
		{7FAE5F93-C1BA-4280-8086-7E6207FE335E}.Release|Any CPU.ActiveCfg = Release|Any CPU
		{7FAE5F93-C1BA-4280-8086-7E6207FE335E}.Release|Any CPU.Build.0 = Release|Any CPU
		{EF43AA91-4FA2-4F96-8EEB-C1D03943FD2B}.Debug|Any CPU.ActiveCfg = Debug|Any CPU
		{EF43AA91-4FA2-4F96-8EEB-C1D03943FD2B}.Debug|Any CPU.Build.0 = Debug|Any CPU
		{EF43AA91-4FA2-4F96-8EEB-C1D03943FD2B}.Release|Any CPU.ActiveCfg = Release|Any CPU
		{EF43AA91-4FA2-4F96-8EEB-C1D03943FD2B}.Release|Any CPU.Build.0 = Release|Any CPU
		{C5F942A3-8534-43FD-A75C-0160624FD456}.Debug|Any CPU.ActiveCfg = Debug|Any CPU
		{C5F942A3-8534-43FD-A75C-0160624FD456}.Debug|Any CPU.Build.0 = Debug|Any CPU
		{C5F942A3-8534-43FD-A75C-0160624FD456}.Release|Any CPU.ActiveCfg = Release|Any CPU
		{C5F942A3-8534-43FD-A75C-0160624FD456}.Release|Any CPU.Build.0 = Release|Any CPU
		{31106018-56D7-4E52-A438-8FD2E12D2D47}.Debug|Any CPU.ActiveCfg = Debug|Any CPU
		{31106018-56D7-4E52-A438-8FD2E12D2D47}.Debug|Any CPU.Build.0 = Debug|Any CPU
		{31106018-56D7-4E52-A438-8FD2E12D2D47}.Release|Any CPU.ActiveCfg = Release|Any CPU
		{31106018-56D7-4E52-A438-8FD2E12D2D47}.Release|Any CPU.Build.0 = Release|Any CPU
		{9ADE4727-79F3-4A7E-912A-5DBA7219DC4E}.Debug|Any CPU.ActiveCfg = Debug|Any CPU
		{9ADE4727-79F3-4A7E-912A-5DBA7219DC4E}.Debug|Any CPU.Build.0 = Debug|Any CPU
		{9ADE4727-79F3-4A7E-912A-5DBA7219DC4E}.Release|Any CPU.ActiveCfg = Release|Any CPU
		{9ADE4727-79F3-4A7E-912A-5DBA7219DC4E}.Release|Any CPU.Build.0 = Release|Any CPU
		{B3BAEC3C-0E95-422A-A8CF-D91F9874985F}.Debug|Any CPU.ActiveCfg = Debug|Any CPU
		{B3BAEC3C-0E95-422A-A8CF-D91F9874985F}.Debug|Any CPU.Build.0 = Debug|Any CPU
		{B3BAEC3C-0E95-422A-A8CF-D91F9874985F}.Release|Any CPU.ActiveCfg = Release|Any CPU
		{B3BAEC3C-0E95-422A-A8CF-D91F9874985F}.Release|Any CPU.Build.0 = Release|Any CPU
		{8FC30758-37FC-4819-805D-8EFF3DEDF05F}.Debug|Any CPU.ActiveCfg = Debug|Any CPU
		{8FC30758-37FC-4819-805D-8EFF3DEDF05F}.Debug|Any CPU.Build.0 = Debug|Any CPU
		{8FC30758-37FC-4819-805D-8EFF3DEDF05F}.Release|Any CPU.ActiveCfg = Release|Any CPU
		{8FC30758-37FC-4819-805D-8EFF3DEDF05F}.Release|Any CPU.Build.0 = Release|Any CPU
		{539598C5-8634-4273-8714-A684622DDCFC}.Debug|Any CPU.ActiveCfg = Debug|Any CPU
		{539598C5-8634-4273-8714-A684622DDCFC}.Debug|Any CPU.Build.0 = Debug|Any CPU
		{539598C5-8634-4273-8714-A684622DDCFC}.Release|Any CPU.ActiveCfg = Release|Any CPU
		{539598C5-8634-4273-8714-A684622DDCFC}.Release|Any CPU.Build.0 = Release|Any CPU
		{4375A7BF-E3CE-4785-91E3-2ED6FCEB074F}.Debug|Any CPU.ActiveCfg = Debug|Any CPU
		{4375A7BF-E3CE-4785-91E3-2ED6FCEB074F}.Debug|Any CPU.Build.0 = Debug|Any CPU
		{4375A7BF-E3CE-4785-91E3-2ED6FCEB074F}.Release|Any CPU.ActiveCfg = Release|Any CPU
		{4375A7BF-E3CE-4785-91E3-2ED6FCEB074F}.Release|Any CPU.Build.0 = Release|Any CPU
		{A9D08CA2-3CF7-4BB7-A47F-5A567FFDB2CC}.Debug|Any CPU.ActiveCfg = Debug|Any CPU
		{A9D08CA2-3CF7-4BB7-A47F-5A567FFDB2CC}.Debug|Any CPU.Build.0 = Debug|Any CPU
		{A9D08CA2-3CF7-4BB7-A47F-5A567FFDB2CC}.Release|Any CPU.ActiveCfg = Release|Any CPU
		{A9D08CA2-3CF7-4BB7-A47F-5A567FFDB2CC}.Release|Any CPU.Build.0 = Release|Any CPU
		{0C3DF75B-B022-4EFC-882C-F276F1EC8435}.Debug|Any CPU.ActiveCfg = Debug|Any CPU
		{0C3DF75B-B022-4EFC-882C-F276F1EC8435}.Debug|Any CPU.Build.0 = Debug|Any CPU
		{0C3DF75B-B022-4EFC-882C-F276F1EC8435}.Release|Any CPU.ActiveCfg = Release|Any CPU
		{0C3DF75B-B022-4EFC-882C-F276F1EC8435}.Release|Any CPU.Build.0 = Release|Any CPU
		{1F020042-D7B8-4541-9691-26ECFD1FFC73}.Debug|Any CPU.ActiveCfg = Debug|Any CPU
		{1F020042-D7B8-4541-9691-26ECFD1FFC73}.Debug|Any CPU.Build.0 = Debug|Any CPU
		{1F020042-D7B8-4541-9691-26ECFD1FFC73}.Release|Any CPU.ActiveCfg = Release|Any CPU
		{1F020042-D7B8-4541-9691-26ECFD1FFC73}.Release|Any CPU.Build.0 = Release|Any CPU
		{63E4D71B-11BE-4D68-A876-5B1B5F0A4C88}.Debug|Any CPU.ActiveCfg = Debug|Any CPU
		{63E4D71B-11BE-4D68-A876-5B1B5F0A4C88}.Debug|Any CPU.Build.0 = Debug|Any CPU
		{63E4D71B-11BE-4D68-A876-5B1B5F0A4C88}.Release|Any CPU.ActiveCfg = Release|Any CPU
		{63E4D71B-11BE-4D68-A876-5B1B5F0A4C88}.Release|Any CPU.Build.0 = Release|Any CPU
		{71151518-8774-44D0-8E69-D77FA447BEFA}.Debug|Any CPU.ActiveCfg = Debug|Any CPU
		{71151518-8774-44D0-8E69-D77FA447BEFA}.Debug|Any CPU.Build.0 = Debug|Any CPU
		{71151518-8774-44D0-8E69-D77FA447BEFA}.Release|Any CPU.ActiveCfg = Release|Any CPU
		{71151518-8774-44D0-8E69-D77FA447BEFA}.Release|Any CPU.Build.0 = Release|Any CPU
		{0E220C65-AA88-450E-AFB2-844E49060B3F}.Debug|Any CPU.ActiveCfg = Debug|Any CPU
		{0E220C65-AA88-450E-AFB2-844E49060B3F}.Debug|Any CPU.Build.0 = Debug|Any CPU
		{0E220C65-AA88-450E-AFB2-844E49060B3F}.Release|Any CPU.ActiveCfg = Release|Any CPU
		{0E220C65-AA88-450E-AFB2-844E49060B3F}.Release|Any CPU.Build.0 = Release|Any CPU
		{090ECB69-464F-42C8-B92C-0808BE2802FA}.Debug|Any CPU.ActiveCfg = Debug|Any CPU
		{090ECB69-464F-42C8-B92C-0808BE2802FA}.Debug|Any CPU.Build.0 = Debug|Any CPU
		{090ECB69-464F-42C8-B92C-0808BE2802FA}.Release|Any CPU.ActiveCfg = Release|Any CPU
		{090ECB69-464F-42C8-B92C-0808BE2802FA}.Release|Any CPU.Build.0 = Release|Any CPU
		{C02494FB-663E-4430-9F2D-41F1A740B271}.Debug|Any CPU.ActiveCfg = Debug|Any CPU
		{C02494FB-663E-4430-9F2D-41F1A740B271}.Debug|Any CPU.Build.0 = Debug|Any CPU
		{C02494FB-663E-4430-9F2D-41F1A740B271}.Release|Any CPU.ActiveCfg = Release|Any CPU
		{C02494FB-663E-4430-9F2D-41F1A740B271}.Release|Any CPU.Build.0 = Release|Any CPU
		{BC766753-E560-4ADF-9923-C7A96076EA47}.Debug|Any CPU.ActiveCfg = Debug|Any CPU
		{BC766753-E560-4ADF-9923-C7A96076EA47}.Debug|Any CPU.Build.0 = Debug|Any CPU
		{BC766753-E560-4ADF-9923-C7A96076EA47}.Release|Any CPU.ActiveCfg = Release|Any CPU
		{BC766753-E560-4ADF-9923-C7A96076EA47}.Release|Any CPU.Build.0 = Release|Any CPU
		{B0D23A55-AB09-4C2C-B309-F4BEB3BC968D}.Debug|Any CPU.ActiveCfg = Debug|Any CPU
		{B0D23A55-AB09-4C2C-B309-F4BEB3BC968D}.Debug|Any CPU.Build.0 = Debug|Any CPU
		{B0D23A55-AB09-4C2C-B309-F4BEB3BC968D}.Release|Any CPU.ActiveCfg = Release|Any CPU
		{B0D23A55-AB09-4C2C-B309-F4BEB3BC968D}.Release|Any CPU.Build.0 = Release|Any CPU
		{10657805-48F1-4205-B8F5-79447F6EF620}.Debug|Any CPU.ActiveCfg = Debug|Any CPU
		{10657805-48F1-4205-B8F5-79447F6EF620}.Debug|Any CPU.Build.0 = Debug|Any CPU
		{10657805-48F1-4205-B8F5-79447F6EF620}.Release|Any CPU.ActiveCfg = Release|Any CPU
		{10657805-48F1-4205-B8F5-79447F6EF620}.Release|Any CPU.Build.0 = Release|Any CPU
		{0E40F959-C641-40A2-9750-B17A4F9F9E55}.Debug|Any CPU.ActiveCfg = Debug|Any CPU
		{0E40F959-C641-40A2-9750-B17A4F9F9E55}.Debug|Any CPU.Build.0 = Debug|Any CPU
		{0E40F959-C641-40A2-9750-B17A4F9F9E55}.Release|Any CPU.ActiveCfg = Release|Any CPU
		{0E40F959-C641-40A2-9750-B17A4F9F9E55}.Release|Any CPU.Build.0 = Release|Any CPU
		{D81B4C58-4018-42BF-932D-9538B8AAFF89}.Debug|Any CPU.ActiveCfg = Debug|Any CPU
		{D81B4C58-4018-42BF-932D-9538B8AAFF89}.Debug|Any CPU.Build.0 = Debug|Any CPU
		{D81B4C58-4018-42BF-932D-9538B8AAFF89}.Release|Any CPU.ActiveCfg = Release|Any CPU
		{D81B4C58-4018-42BF-932D-9538B8AAFF89}.Release|Any CPU.Build.0 = Release|Any CPU
	EndGlobalSection
	GlobalSection(SolutionProperties) = preSolution
		HideSolutionNode = FALSE
	EndGlobalSection
	GlobalSection(NestedProjects) = preSolution
		{443D8A33-62F5-4FE0-A972-E32E280E15C8} = {25CDB05B-4E24-4A6E-933E-1E0BEC97D74D}
		{7FAE5F93-C1BA-4280-8086-7E6207FE335E} = {25CDB05B-4E24-4A6E-933E-1E0BEC97D74D}
		{EF43AA91-4FA2-4F96-8EEB-C1D03943FD2B} = {25CDB05B-4E24-4A6E-933E-1E0BEC97D74D}
		{C5F942A3-8534-43FD-A75C-0160624FD456} = {92805246-5285-4F0A-9BF8-6EE4A027A41B}
		{31106018-56D7-4E52-A438-8FD2E12D2D47} = {25CDB05B-4E24-4A6E-933E-1E0BEC97D74D}
		{9ADE4727-79F3-4A7E-912A-5DBA7219DC4E} = {25CDB05B-4E24-4A6E-933E-1E0BEC97D74D}
		{B3BAEC3C-0E95-422A-A8CF-D91F9874985F} = {25CDB05B-4E24-4A6E-933E-1E0BEC97D74D}
		{8FC30758-37FC-4819-805D-8EFF3DEDF05F} = {3E753B99-7C31-42AC-B02E-012B802F58DB}
		{539598C5-8634-4273-8714-A684622DDCFC} = {3E753B99-7C31-42AC-B02E-012B802F58DB}
		{4375A7BF-E3CE-4785-91E3-2ED6FCEB074F} = {25CDB05B-4E24-4A6E-933E-1E0BEC97D74D}
		{A9D08CA2-3CF7-4BB7-A47F-5A567FFDB2CC} = {BE90915F-E16D-479C-9568-22A08F0FD8F9}
		{0C3DF75B-B022-4EFC-882C-F276F1EC8435} = {3E753B99-7C31-42AC-B02E-012B802F58DB}
		{1F020042-D7B8-4541-9691-26ECFD1FFC73} = {3E753B99-7C31-42AC-B02E-012B802F58DB}
		{63E4D71B-11BE-4D68-A876-5B1B5F0A4C88} = {3E753B99-7C31-42AC-B02E-012B802F58DB}
		{71151518-8774-44D0-8E69-D77FA447BEFA} = {BA044B98-3136-4FDE-B90F-B0975758C07F}
		{0E220C65-AA88-450E-AFB2-844E49060B3F} = {3E753B99-7C31-42AC-B02E-012B802F58DB}
		{BE90915F-E16D-479C-9568-22A08F0FD8F9} = {53B18D34-B7C7-4B91-BCB0-1021170DFC65}
		{25CDB05B-4E24-4A6E-933E-1E0BEC97D74D} = {6D20F76D-9A0E-44AC-8754-B4291C75D25B}
		{3E753B99-7C31-42AC-B02E-012B802F58DB} = {6D20F76D-9A0E-44AC-8754-B4291C75D25B}
		{92805246-5285-4F0A-9BF8-6EE4A027A41B} = {33E6965E-5A58-4C6F-882E-F17C8E88A3FF}
		{BA044B98-3136-4FDE-B90F-B0975758C07F} = {33E6965E-5A58-4C6F-882E-F17C8E88A3FF}
		{D808D2BE-ED26-4E60-A409-AE58F7C1CB8F} = {F6142E52-4B58-4D12-980F-B07D8AA932C2}
		{40C225C2-1EEF-4D1D-9D14-1CBB86C8A1CB} = {F6142E52-4B58-4D12-980F-B07D8AA932C2}
		{090ECB69-464F-42C8-B92C-0808BE2802FA} = {D808D2BE-ED26-4E60-A409-AE58F7C1CB8F}
		{C02494FB-663E-4430-9F2D-41F1A740B271} = {D808D2BE-ED26-4E60-A409-AE58F7C1CB8F}
		{BC766753-E560-4ADF-9923-C7A96076EA47} = {D808D2BE-ED26-4E60-A409-AE58F7C1CB8F}
		{B0D23A55-AB09-4C2C-B309-F4BEB3BC968D} = {40C225C2-1EEF-4D1D-9D14-1CBB86C8A1CB}
		{10657805-48F1-4205-B8F5-79447F6EF620} = {25CDB05B-4E24-4A6E-933E-1E0BEC97D74D}
		{C3A14577-A654-4604-818C-4E683DD45A51} = {EA69B41C-49EF-4017-A687-44B9DF37FF98}
		{0E40F959-C641-40A2-9750-B17A4F9F9E55} = {C3A14577-A654-4604-818C-4E683DD45A51}
		{A411A11C-D51C-496E-A049-F121172FCFE7} = {BB78597D-AC3F-427F-BC5D-41C11E09151D}
		{A5B23A41-D2E0-4B74-860A-8F1EAD0490D1} = {A411A11C-D51C-496E-A049-F121172FCFE7}
		{D81B4C58-4018-42BF-932D-9538B8AAFF89} = {A5B23A41-D2E0-4B74-860A-8F1EAD0490D1}
	EndGlobalSection
	GlobalSection(ExtensibilityGlobals) = postSolution
		SolutionGuid = {9F18C25E-E140-43C3-B177-D562E1628370}
	EndGlobalSection
EndGlobal
