
Microsoft Visual Studio Solution File, Format Version 12.00
# Visual Studio Version 17
VisualStudioVersion = 17.0.32126.317
MinimumVisualStudioVersion = 10.0.40219.1
Project("{2150E333-8FDC-42A3-9474-1A3956D46DE8}") = "Solution Items", "Solution Items", "{C2CEC737-240C-4FE7-9BD4-B7548E8F5829}"
	ProjectSection(SolutionItems) = preProject
		.csharpierrc.yaml = .csharpierrc.yaml
		.editorconfig = .editorconfig
		.gitattributes = .gitattributes
		.gitignore = .gitignore
		src\AssemblyInfo.props = src\AssemblyInfo.props
		README.md = README.md
	EndProjectSection
EndProject
Project("{9A19103F-16F7-4668-BE54-9A1E7A4F7556}") = "Serval.Grpc", "src\Serval\src\Serval.Grpc\Serval.Grpc.csproj", "{443D8A33-62F5-4FE0-A972-E32E280E15C8}"
EndProject
Project("{9A19103F-16F7-4668-BE54-9A1E7A4F7556}") = "Serval.ApiServer", "src\Serval\src\Serval.ApiServer\Serval.ApiServer.csproj", "{7FAE5F93-C1BA-4280-8086-7E6207FE335E}"
EndProject
Project("{9A19103F-16F7-4668-BE54-9A1E7A4F7556}") = "Serval.Client", "src\Serval\src\Serval.Client\Serval.Client.csproj", "{EF43AA91-4FA2-4F96-8EEB-C1D03943FD2B}"
	ProjectSection(ProjectDependencies) = postProject
		{7FAE5F93-C1BA-4280-8086-7E6207FE335E} = {7FAE5F93-C1BA-4280-8086-7E6207FE335E}
	EndProjectSection
EndProject
Project("{9A19103F-16F7-4668-BE54-9A1E7A4F7556}") = "SIL.DataAccess", "src\DataAccess\src\SIL.DataAccess\SIL.DataAccess.csproj", "{C5F942A3-8534-43FD-A75C-0160624FD456}"
EndProject
Project("{9A19103F-16F7-4668-BE54-9A1E7A4F7556}") = "Serval.Shared", "src\Serval\src\Serval.Shared\Serval.Shared.csproj", "{31106018-56D7-4E52-A438-8FD2E12D2D47}"
EndProject
Project("{9A19103F-16F7-4668-BE54-9A1E7A4F7556}") = "Serval.Translation", "src\Serval\src\Serval.Translation\Serval.Translation.csproj", "{9ADE4727-79F3-4A7E-912A-5DBA7219DC4E}"
EndProject
Project("{9A19103F-16F7-4668-BE54-9A1E7A4F7556}") = "Serval.Webhooks", "src\Serval\src\Serval.Webhooks\Serval.Webhooks.csproj", "{B3BAEC3C-0E95-422A-A8CF-D91F9874985F}"
EndProject
Project("{9A19103F-16F7-4668-BE54-9A1E7A4F7556}") = "Serval.Webhooks.Tests", "src\Serval\test\Serval.Webhooks.Tests\Serval.Webhooks.Tests.csproj", "{8FC30758-37FC-4819-805D-8EFF3DEDF05F}"
EndProject
Project("{9A19103F-16F7-4668-BE54-9A1E7A4F7556}") = "Serval.Translation.Tests", "src\Serval\test\Serval.Translation.Tests\Serval.Translation.Tests.csproj", "{539598C5-8634-4273-8714-A684622DDCFC}"
EndProject
Project("{9A19103F-16F7-4668-BE54-9A1E7A4F7556}") = "Serval.DataFiles", "src\Serval\src\Serval.DataFiles\Serval.DataFiles.csproj", "{4375A7BF-E3CE-4785-91E3-2ED6FCEB074F}"
EndProject
Project("{9A19103F-16F7-4668-BE54-9A1E7A4F7556}") = "Serval.ApiServer.IntegrationTests", "src\Serval\test\Serval.ApiServer.IntegrationTests\Serval.ApiServer.IntegrationTests.csproj", "{0C3DF75B-B022-4EFC-882C-F276F1EC8435}"
EndProject
Project("{9A19103F-16F7-4668-BE54-9A1E7A4F7556}") = "Serval.E2ETests", "src\Serval\test\Serval.E2ETests\Serval.E2ETests.csproj", "{1F020042-D7B8-4541-9691-26ECFD1FFC73}"
EndProject
Project("{9A19103F-16F7-4668-BE54-9A1E7A4F7556}") = "Serval.DataFiles.Tests", "src\Serval\test\Serval.DataFiles.Tests\Serval.DataFiles.Tests.csproj", "{63E4D71B-11BE-4D68-A876-5B1B5F0A4C88}"
EndProject
Project("{9A19103F-16F7-4668-BE54-9A1E7A4F7556}") = "SIL.DataAccess.Tests", "src\DataAccess\test\SIL.DataAccess.Tests\SIL.DataAccess.Tests.csproj", "{71151518-8774-44D0-8E69-D77FA447BEFA}"
EndProject
Project("{9A19103F-16F7-4668-BE54-9A1E7A4F7556}") = "Serval.Shared.Tests", "src\Serval\test\Serval.Shared.Tests\Serval.Shared.Tests.csproj", "{0E220C65-AA88-450E-AFB2-844E49060B3F}"
EndProject
Project("{9A19103F-16F7-4668-BE54-9A1E7A4F7556}") = "Serval.Assessment", "src\Serval\src\Serval.Assessment\Serval.Assessment.csproj", "{9BD2B817-300F-4E8B-83AD-450B11C82093}"
EndProject
Project("{9A19103F-16F7-4668-BE54-9A1E7A4F7556}") = "Serval.Aqua.Shared", "src\Aqua\src\Serval.Aqua.Shared\Serval.Aqua.Shared.csproj", "{A04C0C7B-BACA-4BE3-8E5A-02AF53BC0E6A}"
EndProject
Project("{2150E333-8FDC-42A3-9474-1A3956D46DE8}") = "Aqua", "Aqua", "{16B0A3F6-32CC-4465-8FFE-348AD3763A5C}"
EndProject
Project("{2150E333-8FDC-42A3-9474-1A3956D46DE8}") = "src", "src", "{4113CEC0-D7D4-4F23-866F-A7A70A285343}"
EndProject
Project("{9A19103F-16F7-4668-BE54-9A1E7A4F7556}") = "Serval.Aqua.EngineServer", "src\Aqua\src\Serval.Aqua.EngineServer\Serval.Aqua.EngineServer.csproj", "{E83674D8-4A8C-4357-9543-8639BFF171CA}"
EndProject
Project("{9A19103F-16F7-4668-BE54-9A1E7A4F7556}") = "Serval.Aqua.JobServer", "src\Aqua\src\Serval.Aqua.JobServer\Serval.Aqua.JobServer.csproj", "{D5CA4451-B638-475F-8843-38352B6D84D1}"
EndProject
Project("{2150E333-8FDC-42A3-9474-1A3956D46DE8}") = "Echo", "Echo", "{58D776DD-72F3-4B58-B217-134815031B75}"
EndProject
Project("{2150E333-8FDC-42A3-9474-1A3956D46DE8}") = "src", "src", "{E329EEB2-1C53-4789-89AE-3EE78B51F9DE}"
EndProject
Project("{9A19103F-16F7-4668-BE54-9A1E7A4F7556}") = "EchoTranslationEngine", "src\Echo\src\EchoTranslationEngine\EchoTranslationEngine.csproj", "{723D0076-014F-414B-AA73-C2DF9A974079}"
EndProject
Project("{2150E333-8FDC-42A3-9474-1A3956D46DE8}") = "Serval", "Serval", "{FE931395-DBB2-4AAA-852F-F67883D1C1CF}"
EndProject
Project("{2150E333-8FDC-42A3-9474-1A3956D46DE8}") = "src", "src", "{C79B77B9-F4FE-404F-AB88-B7903EA17C6C}"
EndProject
Project("{2150E333-8FDC-42A3-9474-1A3956D46DE8}") = "test", "test", "{82D8CDC1-1A2B-407E-A14C-DA4EBBC2F142}"
EndProject
Project("{2150E333-8FDC-42A3-9474-1A3956D46DE8}") = "DataAccess", "DataAccess", "{1E85D1B6-10A3-4EB4-93CF-9B6D247956D5}"
EndProject
Project("{2150E333-8FDC-42A3-9474-1A3956D46DE8}") = "src", "src", "{BDE23FF7-1514-4B37-BFB1-B1A16FA4A505}"
EndProject
Project("{2150E333-8FDC-42A3-9474-1A3956D46DE8}") = "test", "test", "{B0258FB5-5E75-4D97-AF5C-42DDF7C59237}"
EndProject
Global
	GlobalSection(SolutionConfigurationPlatforms) = preSolution
		Debug|Any CPU = Debug|Any CPU
		Release|Any CPU = Release|Any CPU
	EndGlobalSection
	GlobalSection(ProjectConfigurationPlatforms) = postSolution
		{443D8A33-62F5-4FE0-A972-E32E280E15C8}.Debug|Any CPU.ActiveCfg = Debug|Any CPU
		{443D8A33-62F5-4FE0-A972-E32E280E15C8}.Debug|Any CPU.Build.0 = Debug|Any CPU
		{443D8A33-62F5-4FE0-A972-E32E280E15C8}.Release|Any CPU.ActiveCfg = Release|Any CPU
		{443D8A33-62F5-4FE0-A972-E32E280E15C8}.Release|Any CPU.Build.0 = Release|Any CPU
		{7FAE5F93-C1BA-4280-8086-7E6207FE335E}.Debug|Any CPU.ActiveCfg = Debug|Any CPU
		{7FAE5F93-C1BA-4280-8086-7E6207FE335E}.Debug|Any CPU.Build.0 = Debug|Any CPU
		{7FAE5F93-C1BA-4280-8086-7E6207FE335E}.Release|Any CPU.ActiveCfg = Release|Any CPU
		{7FAE5F93-C1BA-4280-8086-7E6207FE335E}.Release|Any CPU.Build.0 = Release|Any CPU
		{EF43AA91-4FA2-4F96-8EEB-C1D03943FD2B}.Debug|Any CPU.ActiveCfg = Debug|Any CPU
		{EF43AA91-4FA2-4F96-8EEB-C1D03943FD2B}.Debug|Any CPU.Build.0 = Debug|Any CPU
		{EF43AA91-4FA2-4F96-8EEB-C1D03943FD2B}.Release|Any CPU.ActiveCfg = Release|Any CPU
		{EF43AA91-4FA2-4F96-8EEB-C1D03943FD2B}.Release|Any CPU.Build.0 = Release|Any CPU
		{C5F942A3-8534-43FD-A75C-0160624FD456}.Debug|Any CPU.ActiveCfg = Debug|Any CPU
		{C5F942A3-8534-43FD-A75C-0160624FD456}.Debug|Any CPU.Build.0 = Debug|Any CPU
		{C5F942A3-8534-43FD-A75C-0160624FD456}.Release|Any CPU.ActiveCfg = Release|Any CPU
		{C5F942A3-8534-43FD-A75C-0160624FD456}.Release|Any CPU.Build.0 = Release|Any CPU
		{31106018-56D7-4E52-A438-8FD2E12D2D47}.Debug|Any CPU.ActiveCfg = Debug|Any CPU
		{31106018-56D7-4E52-A438-8FD2E12D2D47}.Debug|Any CPU.Build.0 = Debug|Any CPU
		{31106018-56D7-4E52-A438-8FD2E12D2D47}.Release|Any CPU.ActiveCfg = Release|Any CPU
		{31106018-56D7-4E52-A438-8FD2E12D2D47}.Release|Any CPU.Build.0 = Release|Any CPU
		{9ADE4727-79F3-4A7E-912A-5DBA7219DC4E}.Debug|Any CPU.ActiveCfg = Debug|Any CPU
		{9ADE4727-79F3-4A7E-912A-5DBA7219DC4E}.Debug|Any CPU.Build.0 = Debug|Any CPU
		{9ADE4727-79F3-4A7E-912A-5DBA7219DC4E}.Release|Any CPU.ActiveCfg = Release|Any CPU
		{9ADE4727-79F3-4A7E-912A-5DBA7219DC4E}.Release|Any CPU.Build.0 = Release|Any CPU
		{B3BAEC3C-0E95-422A-A8CF-D91F9874985F}.Debug|Any CPU.ActiveCfg = Debug|Any CPU
		{B3BAEC3C-0E95-422A-A8CF-D91F9874985F}.Debug|Any CPU.Build.0 = Debug|Any CPU
		{B3BAEC3C-0E95-422A-A8CF-D91F9874985F}.Release|Any CPU.ActiveCfg = Release|Any CPU
		{B3BAEC3C-0E95-422A-A8CF-D91F9874985F}.Release|Any CPU.Build.0 = Release|Any CPU
		{8FC30758-37FC-4819-805D-8EFF3DEDF05F}.Debug|Any CPU.ActiveCfg = Debug|Any CPU
		{8FC30758-37FC-4819-805D-8EFF3DEDF05F}.Debug|Any CPU.Build.0 = Debug|Any CPU
		{8FC30758-37FC-4819-805D-8EFF3DEDF05F}.Release|Any CPU.ActiveCfg = Release|Any CPU
		{8FC30758-37FC-4819-805D-8EFF3DEDF05F}.Release|Any CPU.Build.0 = Release|Any CPU
		{539598C5-8634-4273-8714-A684622DDCFC}.Debug|Any CPU.ActiveCfg = Debug|Any CPU
		{539598C5-8634-4273-8714-A684622DDCFC}.Debug|Any CPU.Build.0 = Debug|Any CPU
		{539598C5-8634-4273-8714-A684622DDCFC}.Release|Any CPU.ActiveCfg = Release|Any CPU
		{539598C5-8634-4273-8714-A684622DDCFC}.Release|Any CPU.Build.0 = Release|Any CPU
		{4375A7BF-E3CE-4785-91E3-2ED6FCEB074F}.Debug|Any CPU.ActiveCfg = Debug|Any CPU
		{4375A7BF-E3CE-4785-91E3-2ED6FCEB074F}.Debug|Any CPU.Build.0 = Debug|Any CPU
		{4375A7BF-E3CE-4785-91E3-2ED6FCEB074F}.Release|Any CPU.ActiveCfg = Release|Any CPU
		{4375A7BF-E3CE-4785-91E3-2ED6FCEB074F}.Release|Any CPU.Build.0 = Release|Any CPU
		{0C3DF75B-B022-4EFC-882C-F276F1EC8435}.Debug|Any CPU.ActiveCfg = Debug|Any CPU
		{0C3DF75B-B022-4EFC-882C-F276F1EC8435}.Debug|Any CPU.Build.0 = Debug|Any CPU
		{0C3DF75B-B022-4EFC-882C-F276F1EC8435}.Release|Any CPU.ActiveCfg = Release|Any CPU
		{0C3DF75B-B022-4EFC-882C-F276F1EC8435}.Release|Any CPU.Build.0 = Release|Any CPU
		{1F020042-D7B8-4541-9691-26ECFD1FFC73}.Debug|Any CPU.ActiveCfg = Debug|Any CPU
		{1F020042-D7B8-4541-9691-26ECFD1FFC73}.Debug|Any CPU.Build.0 = Debug|Any CPU
		{1F020042-D7B8-4541-9691-26ECFD1FFC73}.Release|Any CPU.ActiveCfg = Release|Any CPU
		{1F020042-D7B8-4541-9691-26ECFD1FFC73}.Release|Any CPU.Build.0 = Release|Any CPU
		{63E4D71B-11BE-4D68-A876-5B1B5F0A4C88}.Debug|Any CPU.ActiveCfg = Debug|Any CPU
		{63E4D71B-11BE-4D68-A876-5B1B5F0A4C88}.Debug|Any CPU.Build.0 = Debug|Any CPU
		{63E4D71B-11BE-4D68-A876-5B1B5F0A4C88}.Release|Any CPU.ActiveCfg = Release|Any CPU
		{63E4D71B-11BE-4D68-A876-5B1B5F0A4C88}.Release|Any CPU.Build.0 = Release|Any CPU
		{71151518-8774-44D0-8E69-D77FA447BEFA}.Debug|Any CPU.ActiveCfg = Debug|Any CPU
		{71151518-8774-44D0-8E69-D77FA447BEFA}.Debug|Any CPU.Build.0 = Debug|Any CPU
		{71151518-8774-44D0-8E69-D77FA447BEFA}.Release|Any CPU.ActiveCfg = Release|Any CPU
		{71151518-8774-44D0-8E69-D77FA447BEFA}.Release|Any CPU.Build.0 = Release|Any CPU
		{0E220C65-AA88-450E-AFB2-844E49060B3F}.Debug|Any CPU.ActiveCfg = Debug|Any CPU
		{0E220C65-AA88-450E-AFB2-844E49060B3F}.Debug|Any CPU.Build.0 = Debug|Any CPU
		{0E220C65-AA88-450E-AFB2-844E49060B3F}.Release|Any CPU.ActiveCfg = Release|Any CPU
		{0E220C65-AA88-450E-AFB2-844E49060B3F}.Release|Any CPU.Build.0 = Release|Any CPU
		{9BD2B817-300F-4E8B-83AD-450B11C82093}.Debug|Any CPU.ActiveCfg = Debug|Any CPU
		{9BD2B817-300F-4E8B-83AD-450B11C82093}.Debug|Any CPU.Build.0 = Debug|Any CPU
		{9BD2B817-300F-4E8B-83AD-450B11C82093}.Release|Any CPU.ActiveCfg = Release|Any CPU
		{9BD2B817-300F-4E8B-83AD-450B11C82093}.Release|Any CPU.Build.0 = Release|Any CPU
		{A04C0C7B-BACA-4BE3-8E5A-02AF53BC0E6A}.Debug|Any CPU.ActiveCfg = Debug|Any CPU
		{A04C0C7B-BACA-4BE3-8E5A-02AF53BC0E6A}.Debug|Any CPU.Build.0 = Debug|Any CPU
		{A04C0C7B-BACA-4BE3-8E5A-02AF53BC0E6A}.Release|Any CPU.ActiveCfg = Release|Any CPU
		{A04C0C7B-BACA-4BE3-8E5A-02AF53BC0E6A}.Release|Any CPU.Build.0 = Release|Any CPU
		{E83674D8-4A8C-4357-9543-8639BFF171CA}.Debug|Any CPU.ActiveCfg = Debug|Any CPU
		{E83674D8-4A8C-4357-9543-8639BFF171CA}.Debug|Any CPU.Build.0 = Debug|Any CPU
		{E83674D8-4A8C-4357-9543-8639BFF171CA}.Release|Any CPU.ActiveCfg = Release|Any CPU
		{E83674D8-4A8C-4357-9543-8639BFF171CA}.Release|Any CPU.Build.0 = Release|Any CPU
		{D5CA4451-B638-475F-8843-38352B6D84D1}.Debug|Any CPU.ActiveCfg = Debug|Any CPU
		{D5CA4451-B638-475F-8843-38352B6D84D1}.Debug|Any CPU.Build.0 = Debug|Any CPU
		{D5CA4451-B638-475F-8843-38352B6D84D1}.Release|Any CPU.ActiveCfg = Release|Any CPU
		{D5CA4451-B638-475F-8843-38352B6D84D1}.Release|Any CPU.Build.0 = Release|Any CPU
		{723D0076-014F-414B-AA73-C2DF9A974079}.Debug|Any CPU.ActiveCfg = Debug|Any CPU
		{723D0076-014F-414B-AA73-C2DF9A974079}.Debug|Any CPU.Build.0 = Debug|Any CPU
		{723D0076-014F-414B-AA73-C2DF9A974079}.Release|Any CPU.ActiveCfg = Release|Any CPU
		{723D0076-014F-414B-AA73-C2DF9A974079}.Release|Any CPU.Build.0 = Release|Any CPU
	EndGlobalSection
	GlobalSection(SolutionProperties) = preSolution
		HideSolutionNode = FALSE
	EndGlobalSection
	GlobalSection(NestedProjects) = preSolution
		{443D8A33-62F5-4FE0-A972-E32E280E15C8} = {C79B77B9-F4FE-404F-AB88-B7903EA17C6C}
		{7FAE5F93-C1BA-4280-8086-7E6207FE335E} = {C79B77B9-F4FE-404F-AB88-B7903EA17C6C}
		{EF43AA91-4FA2-4F96-8EEB-C1D03943FD2B} = {C79B77B9-F4FE-404F-AB88-B7903EA17C6C}
		{C5F942A3-8534-43FD-A75C-0160624FD456} = {BDE23FF7-1514-4B37-BFB1-B1A16FA4A505}
		{31106018-56D7-4E52-A438-8FD2E12D2D47} = {C79B77B9-F4FE-404F-AB88-B7903EA17C6C}
		{9ADE4727-79F3-4A7E-912A-5DBA7219DC4E} = {C79B77B9-F4FE-404F-AB88-B7903EA17C6C}
		{B3BAEC3C-0E95-422A-A8CF-D91F9874985F} = {C79B77B9-F4FE-404F-AB88-B7903EA17C6C}
		{8FC30758-37FC-4819-805D-8EFF3DEDF05F} = {82D8CDC1-1A2B-407E-A14C-DA4EBBC2F142}
		{539598C5-8634-4273-8714-A684622DDCFC} = {82D8CDC1-1A2B-407E-A14C-DA4EBBC2F142}
		{4375A7BF-E3CE-4785-91E3-2ED6FCEB074F} = {C79B77B9-F4FE-404F-AB88-B7903EA17C6C}
		{0C3DF75B-B022-4EFC-882C-F276F1EC8435} = {82D8CDC1-1A2B-407E-A14C-DA4EBBC2F142}
		{1F020042-D7B8-4541-9691-26ECFD1FFC73} = {82D8CDC1-1A2B-407E-A14C-DA4EBBC2F142}
		{63E4D71B-11BE-4D68-A876-5B1B5F0A4C88} = {82D8CDC1-1A2B-407E-A14C-DA4EBBC2F142}
		{71151518-8774-44D0-8E69-D77FA447BEFA} = {B0258FB5-5E75-4D97-AF5C-42DDF7C59237}
		{0E220C65-AA88-450E-AFB2-844E49060B3F} = {82D8CDC1-1A2B-407E-A14C-DA4EBBC2F142}
		{9BD2B817-300F-4E8B-83AD-450B11C82093} = {C79B77B9-F4FE-404F-AB88-B7903EA17C6C}
		{A04C0C7B-BACA-4BE3-8E5A-02AF53BC0E6A} = {4113CEC0-D7D4-4F23-866F-A7A70A285343}
		{4113CEC0-D7D4-4F23-866F-A7A70A285343} = {16B0A3F6-32CC-4465-8FFE-348AD3763A5C}
		{E83674D8-4A8C-4357-9543-8639BFF171CA} = {4113CEC0-D7D4-4F23-866F-A7A70A285343}
		{D5CA4451-B638-475F-8843-38352B6D84D1} = {4113CEC0-D7D4-4F23-866F-A7A70A285343}
		{E329EEB2-1C53-4789-89AE-3EE78B51F9DE} = {58D776DD-72F3-4B58-B217-134815031B75}
		{723D0076-014F-414B-AA73-C2DF9A974079} = {E329EEB2-1C53-4789-89AE-3EE78B51F9DE}
		{C79B77B9-F4FE-404F-AB88-B7903EA17C6C} = {FE931395-DBB2-4AAA-852F-F67883D1C1CF}
		{82D8CDC1-1A2B-407E-A14C-DA4EBBC2F142} = {FE931395-DBB2-4AAA-852F-F67883D1C1CF}
		{BDE23FF7-1514-4B37-BFB1-B1A16FA4A505} = {1E85D1B6-10A3-4EB4-93CF-9B6D247956D5}
		{B0258FB5-5E75-4D97-AF5C-42DDF7C59237} = {1E85D1B6-10A3-4EB4-93CF-9B6D247956D5}
	EndGlobalSection
	GlobalSection(ExtensibilityGlobals) = postSolution
		SolutionGuid = {9F18C25E-E140-43C3-B177-D562E1628370}
	EndGlobalSection
EndGlobal
